
Microsoft Visual Studio Solution File, Format Version 12.00
# Visual Studio Version 16
VisualStudioVersion = 16.0.31424.327
MinimumVisualStudioVersion = 10.0.40219.1
Project("{FAE04EC0-301F-11D3-BF4B-00C04F79EFBC}") = "DrawingApp", "DrawingApp\DrawingApp.csproj", "{BA968294-27EB-4A82-AFCA-370AF5699363}"
EndProject
Global
	GlobalSection(SolutionConfigurationPlatforms) = preSolution
		Debug|Any CPU = Debug|Any CPU
		Release|Any CPU = Release|Any CPU
	EndGlobalSection
	GlobalSection(ProjectConfigurationPlatforms) = postSolution
		{BA968294-27EB-4A82-AFCA-370AF5699363}.Debug|Any CPU.ActiveCfg = Debug|Any CPU
		{BA968294-27EB-4A82-AFCA-370AF5699363}.Debug|Any CPU.Build.0 = Debug|Any CPU
		{BA968294-27EB-4A82-AFCA-370AF5699363}.Release|Any CPU.ActiveCfg = Release|Any CPU
		{BA968294-27EB-4A82-AFCA-370AF5699363}.Release|Any CPU.Build.0 = Release|Any CPU
	EndGlobalSection
	GlobalSection(SolutionProperties) = preSolution
		HideSolutionNode = FALSE
	EndGlobalSection
	GlobalSection(ExtensibilityGlobals) = postSolution
		SolutionGuid = {02ED86C8-E07B-4A12-991A-9BB23CCB1F5B}
	EndGlobalSection
EndGlobal
